
Microsoft Visual Studio Solution File, Format Version 12.00
# Visual Studio Version 17
VisualStudioVersion = 17.11.35327.3
MinimumVisualStudioVersion = 10.0.40219.1
Project("{FAE04EC0-301F-11D3-BF4B-00C04F79EFBC}") = "HomeWork-7", "HomeWork-7\HomeWork-7.csproj", "{CEBEC126-59C9-4262-A2DD-FD22F8A1F649}"
EndProject
Global
	GlobalSection(SolutionConfigurationPlatforms) = preSolution
		Debug|Any CPU = Debug|Any CPU
		Release|Any CPU = Release|Any CPU
	EndGlobalSection
	GlobalSection(ProjectConfigurationPlatforms) = postSolution
		{CEBEC126-59C9-4262-A2DD-FD22F8A1F649}.Debug|Any CPU.ActiveCfg = Debug|Any CPU
		{CEBEC126-59C9-4262-A2DD-FD22F8A1F649}.Debug|Any CPU.Build.0 = Debug|Any CPU
		{CEBEC126-59C9-4262-A2DD-FD22F8A1F649}.Release|Any CPU.ActiveCfg = Release|Any CPU
		{CEBEC126-59C9-4262-A2DD-FD22F8A1F649}.Release|Any CPU.Build.0 = Release|Any CPU
	EndGlobalSection
	GlobalSection(SolutionProperties) = preSolution
		HideSolutionNode = FALSE
	EndGlobalSection
	GlobalSection(ExtensibilityGlobals) = postSolution
		SolutionGuid = {9D92A288-14C8-41EE-AF7D-BC8D3B2F5A30}
	EndGlobalSection
EndGlobal
